
Microsoft Visual Studio Solution File, Format Version 12.00
# Visual Studio Version 17
VisualStudioVersion = 17.11.35327.3
MinimumVisualStudioVersion = 10.0.40219.1
Project("{FAE04EC0-301F-11D3-BF4B-00C04F79EFBC}") = "Task1", "Task1.csproj", "{16662A4F-1934-442B-8506-BEF49DFFB33D}"
EndProject
Global
	GlobalSection(SolutionConfigurationPlatforms) = preSolution
		Debug|Any CPU = Debug|Any CPU
		Release|Any CPU = Release|Any CPU
	EndGlobalSection
	GlobalSection(ProjectConfigurationPlatforms) = postSolution
		{16662A4F-1934-442B-8506-BEF49DFFB33D}.Debug|Any CPU.ActiveCfg = Debug|Any CPU
		{16662A4F-1934-442B-8506-BEF49DFFB33D}.Debug|Any CPU.Build.0 = Debug|Any CPU
		{16662A4F-1934-442B-8506-BEF49DFFB33D}.Release|Any CPU.ActiveCfg = Release|Any CPU
		{16662A4F-1934-442B-8506-BEF49DFFB33D}.Release|Any CPU.Build.0 = Release|Any CPU
	EndGlobalSection
	GlobalSection(SolutionProperties) = preSolution
		HideSolutionNode = FALSE
	EndGlobalSection
	GlobalSection(ExtensibilityGlobals) = postSolution
		SolutionGuid = {D4C50753-9ABF-46FE-B402-D56710B84B09}
	EndGlobalSection
EndGlobal
